PODS:
  - GZTableViewManager (0.1.0)

DEPENDENCIES:
  - GZTableViewManager (from `../`)

EXTERNAL SOURCES:
  GZTableViewManager:
    :path: "../"

SPEC CHECKSUMS:
  GZTableViewManager: 3d9cf55d2ec547311a321ccfd8f3224905461cd7

PODFILE CHECKSUM: b712b2638326298b691b9787532ad90e4001750b

COCOAPODS: 1.8.4
