PODS:
  - GZTableViewManager (0.2.0)

DEPENDENCIES:
  - GZTableViewManager (from `../`)

EXTERNAL SOURCES:
  GZTableViewManager:
    :path: "../"

SPEC CHECKSUMS:
  GZTableViewManager: fe826a3a1ae18c545c8bf541bff3e61a8855ef1e

PODFILE CHECKSUM: b712b2638326298b691b9787532ad90e4001750b

COCOAPODS: 1.8.4
